// !$*UTF8*$!
{
	archiveVersion = 1;
	classes = {
	};
	objectVersion = 46;
	objects = {

/* Begin PBXBuildFile section */
		A3C2CE201D310E5900882653 /* AppbotX.h in Headers */ = {isa = PBXBuildFile; fileRef = A3C2CE1F1D310E5900882653 /* AppbotX.h */; settings = {ATTRIBUTES = (Public, ); }; };
		A3C2CE251D310FB900882653 /* AppbotX.framework in Frameworks */ = {isa = PBXBuildFile; fileRef = A3C2CE1D1D310E5900882653 /* AppbotX.framework */; };
		A3C2CEA61D31134800882653 /* ABX.h in Headers */ = {isa = PBXBuildFile; fileRef = A3C2CE661D31134800882653 /* ABX.h */; settings = {ATTRIBUTES = (Public, ); }; };
		A3C2CEA71D31134800882653 /* AppbotX.bundle in Resources */ = {isa = PBXBuildFile; fileRef = A3C2CE671D31134800882653 /* AppbotX.bundle */; };
		A3C2CEA81D31134800882653 /* ABXApiClient.h in Headers */ = {isa = PBXBuildFile; fileRef = A3C2CE691D31134800882653 /* ABXApiClient.h */; settings = {ATTRIBUTES = (Public, ); }; };
		A3C2CEA91D31134800882653 /* ABXApiClient.m in Sources */ = {isa = PBXBuildFile; fileRef = A3C2CE6A1D31134800882653 /* ABXApiClient.m */; };
		A3C2CEAA1D31134800882653 /* ABXAppStore.h in Headers */ = {isa = PBXBuildFile; fileRef = A3C2CE6B1D31134800882653 /* ABXAppStore.h */; settings = {ATTRIBUTES = (Public, ); }; };
		A3C2CEAB1D31134800882653 /* ABXAppStore.m in Sources */ = {isa = PBXBuildFile; fileRef = A3C2CE6C1D31134800882653 /* ABXAppStore.m */; };
		A3C2CEAC1D31134800882653 /* ABXKeychain.h in Headers */ = {isa = PBXBuildFile; fileRef = A3C2CE6D1D31134800882653 /* ABXKeychain.h */; };
		A3C2CEAD1D31134800882653 /* ABXKeychain.m in Sources */ = {isa = PBXBuildFile; fileRef = A3C2CE6E1D31134800882653 /* ABXKeychain.m */; };
		A3C2CEAE1D31134800882653 /* NSDictionary+ABXNSNullAsNull.h in Headers */ = {isa = PBXBuildFile; fileRef = A3C2CE6F1D31134800882653 /* NSDictionary+ABXNSNullAsNull.h */; };
		A3C2CEAF1D31134800882653 /* NSDictionary+ABXNSNullAsNull.m in Sources */ = {isa = PBXBuildFile; fileRef = A3C2CE701D31134800882653 /* NSDictionary+ABXNSNullAsNull.m */; };
		A3C2CEB01D31134800882653 /* NSDictionary+ABXQueryString.h in Headers */ = {isa = PBXBuildFile; fileRef = A3C2CE711D31134800882653 /* NSDictionary+ABXQueryString.h */; };
		A3C2CEB11D31134800882653 /* NSDictionary+ABXQueryString.m in Sources */ = {isa = PBXBuildFile; fileRef = A3C2CE721D31134800882653 /* NSDictionary+ABXQueryString.m */; };
		A3C2CEB21D31134800882653 /* NSString+ABXLocalized.h in Headers */ = {isa = PBXBuildFile; fileRef = A3C2CE731D31134800882653 /* NSString+ABXLocalized.h */; };
		A3C2CEB31D31134800882653 /* NSString+ABXLocalized.m in Sources */ = {isa = PBXBuildFile; fileRef = A3C2CE741D31134800882653 /* NSString+ABXLocalized.m */; };
		A3C2CEB41D31134800882653 /* NSString+ABXSizing.h in Headers */ = {isa = PBXBuildFile; fileRef = A3C2CE751D31134800882653 /* NSString+ABXSizing.h */; };
		A3C2CEB51D31134800882653 /* NSString+ABXSizing.m in Sources */ = {isa = PBXBuildFile; fileRef = A3C2CE761D31134800882653 /* NSString+ABXSizing.m */; };
		A3C2CEB61D31134800882653 /* NSString+ABXURLEncoding.h in Headers */ = {isa = PBXBuildFile; fileRef = A3C2CE771D31134800882653 /* NSString+ABXURLEncoding.h */; };
		A3C2CEB71D31134800882653 /* NSString+ABXURLEncoding.m in Sources */ = {isa = PBXBuildFile; fileRef = A3C2CE781D31134800882653 /* NSString+ABXURLEncoding.m */; };
		A3C2CEB81D31134800882653 /* UIViewController+ABXScreenshot.h in Headers */ = {isa = PBXBuildFile; fileRef = A3C2CE791D31134800882653 /* UIViewController+ABXScreenshot.h */; };
		A3C2CEB91D31134800882653 /* UIViewController+ABXScreenshot.m in Sources */ = {isa = PBXBuildFile; fileRef = A3C2CE7A1D31134800882653 /* UIViewController+ABXScreenshot.m */; };
		A3C2CEBA1D31134800882653 /* ABXBaseListViewController.h in Headers */ = {isa = PBXBuildFile; fileRef = A3C2CE7C1D31134800882653 /* ABXBaseListViewController.h */; settings = {ATTRIBUTES = (Public, ); }; };
		A3C2CEBB1D31134800882653 /* ABXBaseListViewController.m in Sources */ = {isa = PBXBuildFile; fileRef = A3C2CE7D1D31134800882653 /* ABXBaseListViewController.m */; };
		A3C2CEBC1D31134800882653 /* ABXFAQsViewController.h in Headers */ = {isa = PBXBuildFile; fileRef = A3C2CE7E1D31134800882653 /* ABXFAQsViewController.h */; settings = {ATTRIBUTES = (Public, ); }; };
		A3C2CEBD1D31134800882653 /* ABXFAQsViewController.m in Sources */ = {isa = PBXBuildFile; fileRef = A3C2CE7F1D31134800882653 /* ABXFAQsViewController.m */; };
		A3C2CEBE1D31134800882653 /* ABXFAQViewController.h in Headers */ = {isa = PBXBuildFile; fileRef = A3C2CE801D31134800882653 /* ABXFAQViewController.h */; settings = {ATTRIBUTES = (Public, ); }; };
		A3C2CEBF1D31134800882653 /* ABXFAQViewController.m in Sources */ = {isa = PBXBuildFile; fileRef = A3C2CE811D31134800882653 /* ABXFAQViewController.m */; };
		A3C2CEC01D31134800882653 /* ABXFeedbackViewController.h in Headers */ = {isa = PBXBuildFile; fileRef = A3C2CE821D31134800882653 /* ABXFeedbackViewController.h */; settings = {ATTRIBUTES = (Public, ); }; };
		A3C2CEC11D31134800882653 /* ABXFeedbackViewController.m in Sources */ = {isa = PBXBuildFile; fileRef = A3C2CE831D31134800882653 /* ABXFeedbackViewController.m */; };
		A3C2CEC21D31134800882653 /* ABXNavigationController.h in Headers */ = {isa = PBXBuildFile; fileRef = A3C2CE841D31134800882653 /* ABXNavigationController.h */; };
		A3C2CEC31D31134800882653 /* ABXNavigationController.m in Sources */ = {isa = PBXBuildFile; fileRef = A3C2CE851D31134800882653 /* ABXNavigationController.m */; };
		A3C2CEC41D31134800882653 /* ABXNotificationsViewController.h in Headers */ = {isa = PBXBuildFile; fileRef = A3C2CE861D31134800882653 /* ABXNotificationsViewController.h */; settings = {ATTRIBUTES = (Public, ); }; };
		A3C2CEC51D31134800882653 /* ABXNotificationsViewController.m in Sources */ = {isa = PBXBuildFile; fileRef = A3C2CE871D31134800882653 /* ABXNotificationsViewController.m */; };
		A3C2CEC61D31134800882653 /* ABXVersionsViewController.h in Headers */ = {isa = PBXBuildFile; fileRef = A3C2CE881D31134800882653 /* ABXVersionsViewController.h */; settings = {ATTRIBUTES = (Public, ); }; };
		A3C2CEC71D31134800882653 /* ABXVersionsViewController.m in Sources */ = {isa = PBXBuildFile; fileRef = A3C2CE891D31134800882653 /* ABXVersionsViewController.m */; };
		A3C2CEC81D31134800882653 /* ABXAttachment.h in Headers */ = {isa = PBXBuildFile; fileRef = A3C2CE8B1D31134800882653 /* ABXAttachment.h */; };
		A3C2CEC91D31134800882653 /* ABXAttachment.m in Sources */ = {isa = PBXBuildFile; fileRef = A3C2CE8C1D31134800882653 /* ABXAttachment.m */; };
		A3C2CECA1D31134800882653 /* ABXFaq.h in Headers */ = {isa = PBXBuildFile; fileRef = A3C2CE8D1D31134800882653 /* ABXFaq.h */; settings = {ATTRIBUTES = (Public, ); }; };
		A3C2CECB1D31134800882653 /* ABXFaq.m in Sources */ = {isa = PBXBuildFile; fileRef = A3C2CE8E1D31134800882653 /* ABXFaq.m */; };
		A3C2CECC1D31134800882653 /* ABXIssue.h in Headers */ = {isa = PBXBuildFile; fileRef = A3C2CE8F1D31134800882653 /* ABXIssue.h */; settings = {ATTRIBUTES = (Public, ); }; };
		A3C2CECD1D31134800882653 /* ABXIssue.m in Sources */ = {isa = PBXBuildFile; fileRef = A3C2CE901D31134800882653 /* ABXIssue.m */; };
		A3C2CECE1D31134800882653 /* ABXModel.h in Headers */ = {isa = PBXBuildFile; fileRef = A3C2CE911D31134800882653 /* ABXModel.h */; settings = {ATTRIBUTES = (Public, ); }; };
		A3C2CECF1D31134800882653 /* ABXModel.m in Sources */ = {isa = PBXBuildFile; fileRef = A3C2CE921D31134800882653 /* ABXModel.m */; };
		A3C2CED01D31134800882653 /* ABXNotification.h in Headers */ = {isa = PBXBuildFile; fileRef = A3C2CE931D31134800882653 /* ABXNotification.h */; settings = {ATTRIBUTES = (Public, ); }; };
		A3C2CED11D31134800882653 /* ABXNotification.m in Sources */ = {isa = PBXBuildFile; fileRef = A3C2CE941D31134800882653 /* ABXNotification.m */; };
		A3C2CED21D31134800882653 /* ABXVersion.h in Headers */ = {isa = PBXBuildFile; fileRef = A3C2CE951D31134800882653 /* ABXVersion.h */; settings = {ATTRIBUTES = (Public, ); }; };
		A3C2CED31D31134800882653 /* ABXVersion.m in Sources */ = {isa = PBXBuildFile; fileRef = A3C2CE961D31134800882653 /* ABXVersion.m */; };
		A3C2CED41D31134800882653 /* ABXFAQTableViewCell.h in Headers */ = {isa = PBXBuildFile; fileRef = A3C2CE981D31134800882653 /* ABXFAQTableViewCell.h */; };
		A3C2CED51D31134800882653 /* ABXFAQTableViewCell.m in Sources */ = {isa = PBXBuildFile; fileRef = A3C2CE991D31134800882653 /* ABXFAQTableViewCell.m */; };
		A3C2CED61D31134800882653 /* ABXNotificationTableViewCell.h in Headers */ = {isa = PBXBuildFile; fileRef = A3C2CE9A1D31134800882653 /* ABXNotificationTableViewCell.h */; };
		A3C2CED71D31134800882653 /* ABXNotificationTableViewCell.m in Sources */ = {isa = PBXBuildFile; fileRef = A3C2CE9B1D31134800882653 /* ABXNotificationTableViewCell.m */; };
		A3C2CED81D31134800882653 /* ABXNotificationView.h in Headers */ = {isa = PBXBuildFile; fileRef = A3C2CE9C1D31134800882653 /* ABXNotificationView.h */; settings = {ATTRIBUTES = (Public, ); }; };
		A3C2CED91D31134800882653 /* ABXNotificationView.m in Sources */ = {isa = PBXBuildFile; fileRef = A3C2CE9D1D31134800882653 /* ABXNotificationView.m */; };
		A3C2CEDA1D31134800882653 /* ABXPromptView.h in Headers */ = {isa = PBXBuildFile; fileRef = A3C2CE9E1D31134800882653 /* ABXPromptView.h */; };
		A3C2CEDB1D31134800882653 /* ABXPromptView.m in Sources */ = {isa = PBXBuildFile; fileRef = A3C2CE9F1D31134800882653 /* ABXPromptView.m */; };
		A3C2CEDC1D31134800882653 /* ABXTextView.h in Headers */ = {isa = PBXBuildFile; fileRef = A3C2CEA01D31134800882653 /* ABXTextView.h */; };
		A3C2CEDD1D31134800882653 /* ABXTextView.m in Sources */ = {isa = PBXBuildFile; fileRef = A3C2CEA11D31134800882653 /* ABXTextView.m */; };
		A3C2CEDE1D31134800882653 /* ABXVersionNotificationView.h in Headers */ = {isa = PBXBuildFile; fileRef = A3C2CEA21D31134800882653 /* ABXVersionNotificationView.h */; settings = {ATTRIBUTES = (Public, ); }; };
		A3C2CEDF1D31134800882653 /* ABXVersionNotificationView.m in Sources */ = {isa = PBXBuildFile; fileRef = A3C2CEA31D31134800882653 /* ABXVersionNotificationView.m */; };
		A3C2CEE01D31134800882653 /* ABXVersionTableViewCell.h in Headers */ = {isa = PBXBuildFile; fileRef = A3C2CEA41D31134800882653 /* ABXVersionTableViewCell.h */; };
		A3C2CEE11D31134800882653 /* ABXVersionTableViewCell.m in Sources */ = {isa = PBXBuildFile; fileRef = A3C2CEA51D31134800882653 /* ABXVersionTableViewCell.m */; };
		A3C2CEE21D3116B600882653 /* AppbotX.framework in Frameworks */ = {isa = PBXBuildFile; fileRef = A3C2CE1D1D310E5900882653 /* AppbotX.framework */; };
		A3C2CEE31D3116B600882653 /* AppbotX.framework in Embed Frameworks */ = {isa = PBXBuildFile; fileRef = A3C2CE1D1D310E5900882653 /* AppbotX.framework */; settings = {ATTRIBUTES = (CodeSignOnCopy, RemoveHeadersOnCopy, ); }; };
		E0245EA31964F229008F163B /* Localizable.strings in Resources */ = {isa = PBXBuildFile; fileRef = E0245EA51964F229008F163B /* Localizable.strings */; };
		E039FD4C192C290E00BA0B76 /* Foundation.framework in Frameworks */ = {isa = PBXBuildFile; fileRef = E039FD4B192C290E00BA0B76 /* Foundation.framework */; };
		E039FD4E192C290E00BA0B76 /* CoreGraphics.framework in Frameworks */ = {isa = PBXBuildFile; fileRef = E039FD4D192C290E00BA0B76 /* CoreGraphics.framework */; };
		E039FD50192C290E00BA0B76 /* UIKit.framework in Frameworks */ = {isa = PBXBuildFile; fileRef = E039FD4F192C290E00BA0B76 /* UIKit.framework */; };
		E039FD56192C290E00BA0B76 /* InfoPlist.strings in Resources */ = {isa = PBXBuildFile; fileRef = E039FD54192C290E00BA0B76 /* InfoPlist.strings */; };
		E039FD58192C290E00BA0B76 /* main.m in Sources */ = {isa = PBXBuildFile; fileRef = E039FD57192C290E00BA0B76 /* main.m */; };
		E039FD5C192C290E00BA0B76 /* ABXAppDelegate.m in Sources */ = {isa = PBXBuildFile; fileRef = E039FD5B192C290E00BA0B76 /* ABXAppDelegate.m */; };
		E039FD5E192C290E00BA0B76 /* Images.xcassets in Resources */ = {isa = PBXBuildFile; fileRef = E039FD5D192C290E00BA0B76 /* Images.xcassets */; };
		E039FD93192C51FB00BA0B76 /* ABXViewController.m in Sources */ = {isa = PBXBuildFile; fileRef = E039FD92192C51FB00BA0B76 /* ABXViewController.m */; };
		E039FD95192C521B00BA0B76 /* Storyboard.storyboard in Resources */ = {isa = PBXBuildFile; fileRef = E039FD94192C521B00BA0B76 /* Storyboard.storyboard */; };
		E059155019EE0F63002E358C /* Launch Screen.xib in Resources */ = {isa = PBXBuildFile; fileRef = E059154F19EE0F63002E358C /* Launch Screen.xib */; };
/* End PBXBuildFile section */

/* Begin PBXContainerItemProxy section */
		A3C2CE271D310FB900882653 /* PBXContainerItemProxy */ = {
			isa = PBXContainerItemProxy;
			containerPortal = E039FD40192C290E00BA0B76 /* Project object */;
			proxyType = 1;
			remoteGlobalIDString = A3C2CE1C1D310E5900882653;
			remoteInfo = AppbotX;
		};
/* End PBXContainerItemProxy section */

/* Begin PBXCopyFilesBuildPhase section */
		A3C2CE291D310FB900882653 /* Embed Frameworks */ = {
			isa = PBXCopyFilesBuildPhase;
			buildActionMask = 2147483647;
			dstPath = "";
			dstSubfolderSpec = 10;
			files = (
				A3C2CEE31D3116B600882653 /* AppbotX.framework in Embed Frameworks */,
			);
			name = "Embed Frameworks";
			runOnlyForDeploymentPostprocessing = 0;
		};
/* End PBXCopyFilesBuildPhase section */

/* Begin PBXFileReference section */
		A3C2CE1D1D310E5900882653 /* AppbotX.framework */ = {isa = PBXFileReference; explicitFileType = wrapper.framework; includeInIndex = 0; path = AppbotX.framework; sourceTree = BUILT_PRODUCTS_DIR; };
		A3C2CE1F1D310E5900882653 /* AppbotX.h */ = {isa = PBXFileReference; lastKnownFileType = sourcecode.c.h; path = AppbotX.h; sourceTree = "<group>"; };
		A3C2CE211D310E5900882653 /* Info.plist */ = {isa = PBXFileReference; lastKnownFileType = text.plist.xml; path = Info.plist; sourceTree = "<group>"; };
		A3C2CE661D31134800882653 /* ABX.h */ = {isa = PBXFileReference; fileEncoding = 4; lastKnownFileType = sourcecode.c.h; path = ABX.h; sourceTree = "<group>"; };
		A3C2CE671D31134800882653 /* AppbotX.bundle */ = {isa = PBXFileReference; lastKnownFileType = "wrapper.plug-in"; path = AppbotX.bundle; sourceTree = "<group>"; };
		A3C2CE691D31134800882653 /* ABXApiClient.h */ = {isa = PBXFileReference; fileEncoding = 4; lastKnownFileType = sourcecode.c.h; path = ABXApiClient.h; sourceTree = "<group>"; };
		A3C2CE6A1D31134800882653 /* ABXApiClient.m */ = {isa = PBXFileReference; fileEncoding = 4; lastKnownFileType = sourcecode.c.objc; path = ABXApiClient.m; sourceTree = "<group>"; };
		A3C2CE6B1D31134800882653 /* ABXAppStore.h */ = {isa = PBXFileReference; fileEncoding = 4; lastKnownFileType = sourcecode.c.h; path = ABXAppStore.h; sourceTree = "<group>"; };
		A3C2CE6C1D31134800882653 /* ABXAppStore.m */ = {isa = PBXFileReference; fileEncoding = 4; lastKnownFileType = sourcecode.c.objc; path = ABXAppStore.m; sourceTree = "<group>"; };
		A3C2CE6D1D31134800882653 /* ABXKeychain.h */ = {isa = PBXFileReference; fileEncoding = 4; lastKnownFileType = sourcecode.c.h; path = ABXKeychain.h; sourceTree = "<group>"; };
		A3C2CE6E1D31134800882653 /* ABXKeychain.m */ = {isa = PBXFileReference; fileEncoding = 4; lastKnownFileType = sourcecode.c.objc; path = ABXKeychain.m; sourceTree = "<group>"; };
		A3C2CE6F1D31134800882653 /* NSDictionary+ABXNSNullAsNull.h */ = {isa = PBXFileReference; fileEncoding = 4; lastKnownFileType = sourcecode.c.h; path = "NSDictionary+ABXNSNullAsNull.h"; sourceTree = "<group>"; };
		A3C2CE701D31134800882653 /* NSDictionary+ABXNSNullAsNull.m */ = {isa = PBXFileReference; fileEncoding = 4; lastKnownFileType = sourcecode.c.objc; path = "NSDictionary+ABXNSNullAsNull.m"; sourceTree = "<group>"; };
		A3C2CE711D31134800882653 /* NSDictionary+ABXQueryString.h */ = {isa = PBXFileReference; fileEncoding = 4; lastKnownFileType = sourcecode.c.h; path = "NSDictionary+ABXQueryString.h"; sourceTree = "<group>"; };
		A3C2CE721D31134800882653 /* NSDictionary+ABXQueryString.m */ = {isa = PBXFileReference; fileEncoding = 4; lastKnownFileType = sourcecode.c.objc; path = "NSDictionary+ABXQueryString.m"; sourceTree = "<group>"; };
		A3C2CE731D31134800882653 /* NSString+ABXLocalized.h */ = {isa = PBXFileReference; fileEncoding = 4; lastKnownFileType = sourcecode.c.h; path = "NSString+ABXLocalized.h"; sourceTree = "<group>"; };
		A3C2CE741D31134800882653 /* NSString+ABXLocalized.m */ = {isa = PBXFileReference; fileEncoding = 4; lastKnownFileType = sourcecode.c.objc; path = "NSString+ABXLocalized.m"; sourceTree = "<group>"; };
		A3C2CE751D31134800882653 /* NSString+ABXSizing.h */ = {isa = PBXFileReference; fileEncoding = 4; lastKnownFileType = sourcecode.c.h; path = "NSString+ABXSizing.h"; sourceTree = "<group>"; };
		A3C2CE761D31134800882653 /* NSString+ABXSizing.m */ = {isa = PBXFileReference; fileEncoding = 4; lastKnownFileType = sourcecode.c.objc; path = "NSString+ABXSizing.m"; sourceTree = "<group>"; };
		A3C2CE771D31134800882653 /* NSString+ABXURLEncoding.h */ = {isa = PBXFileReference; fileEncoding = 4; lastKnownFileType = sourcecode.c.h; path = "NSString+ABXURLEncoding.h"; sourceTree = "<group>"; };
		A3C2CE781D31134800882653 /* NSString+ABXURLEncoding.m */ = {isa = PBXFileReference; fileEncoding = 4; lastKnownFileType = sourcecode.c.objc; path = "NSString+ABXURLEncoding.m"; sourceTree = "<group>"; };
		A3C2CE791D31134800882653 /* UIViewController+ABXScreenshot.h */ = {isa = PBXFileReference; fileEncoding = 4; lastKnownFileType = sourcecode.c.h; path = "UIViewController+ABXScreenshot.h"; sourceTree = "<group>"; };
		A3C2CE7A1D31134800882653 /* UIViewController+ABXScreenshot.m */ = {isa = PBXFileReference; fileEncoding = 4; lastKnownFileType = sourcecode.c.objc; path = "UIViewController+ABXScreenshot.m"; sourceTree = "<group>"; };
		A3C2CE7C1D31134800882653 /* ABXBaseListViewController.h */ = {isa = PBXFileReference; fileEncoding = 4; lastKnownFileType = sourcecode.c.h; path = ABXBaseListViewController.h; sourceTree = "<group>"; };
		A3C2CE7D1D31134800882653 /* ABXBaseListViewController.m */ = {isa = PBXFileReference; fileEncoding = 4; lastKnownFileType = sourcecode.c.objc; path = ABXBaseListViewController.m; sourceTree = "<group>"; };
		A3C2CE7E1D31134800882653 /* ABXFAQsViewController.h */ = {isa = PBXFileReference; fileEncoding = 4; lastKnownFileType = sourcecode.c.h; path = ABXFAQsViewController.h; sourceTree = "<group>"; };
		A3C2CE7F1D31134800882653 /* ABXFAQsViewController.m */ = {isa = PBXFileReference; fileEncoding = 4; lastKnownFileType = sourcecode.c.objc; path = ABXFAQsViewController.m; sourceTree = "<group>"; };
		A3C2CE801D31134800882653 /* ABXFAQViewController.h */ = {isa = PBXFileReference; fileEncoding = 4; lastKnownFileType = sourcecode.c.h; path = ABXFAQViewController.h; sourceTree = "<group>"; };
		A3C2CE811D31134800882653 /* ABXFAQViewController.m */ = {isa = PBXFileReference; fileEncoding = 4; lastKnownFileType = sourcecode.c.objc; path = ABXFAQViewController.m; sourceTree = "<group>"; };
		A3C2CE821D31134800882653 /* ABXFeedbackViewController.h */ = {isa = PBXFileReference; fileEncoding = 4; lastKnownFileType = sourcecode.c.h; path = ABXFeedbackViewController.h; sourceTree = "<group>"; };
		A3C2CE831D31134800882653 /* ABXFeedbackViewController.m */ = {isa = PBXFileReference; fileEncoding = 4; lastKnownFileType = sourcecode.c.objc; path = ABXFeedbackViewController.m; sourceTree = "<group>"; };
		A3C2CE841D31134800882653 /* ABXNavigationController.h */ = {isa = PBXFileReference; fileEncoding = 4; lastKnownFileType = sourcecode.c.h; path = ABXNavigationController.h; sourceTree = "<group>"; };
		A3C2CE851D31134800882653 /* ABXNavigationController.m */ = {isa = PBXFileReference; fileEncoding = 4; lastKnownFileType = sourcecode.c.objc; path = ABXNavigationController.m; sourceTree = "<group>"; };
		A3C2CE861D31134800882653 /* ABXNotificationsViewController.h */ = {isa = PBXFileReference; fileEncoding = 4; lastKnownFileType = sourcecode.c.h; path = ABXNotificationsViewController.h; sourceTree = "<group>"; };
		A3C2CE871D31134800882653 /* ABXNotificationsViewController.m */ = {isa = PBXFileReference; fileEncoding = 4; lastKnownFileType = sourcecode.c.objc; path = ABXNotificationsViewController.m; sourceTree = "<group>"; };
		A3C2CE881D31134800882653 /* ABXVersionsViewController.h */ = {isa = PBXFileReference; fileEncoding = 4; lastKnownFileType = sourcecode.c.h; path = ABXVersionsViewController.h; sourceTree = "<group>"; };
		A3C2CE891D31134800882653 /* ABXVersionsViewController.m */ = {isa = PBXFileReference; fileEncoding = 4; lastKnownFileType = sourcecode.c.objc; path = ABXVersionsViewController.m; sourceTree = "<group>"; };
		A3C2CE8B1D31134800882653 /* ABXAttachment.h */ = {isa = PBXFileReference; fileEncoding = 4; lastKnownFileType = sourcecode.c.h; path = ABXAttachment.h; sourceTree = "<group>"; };
		A3C2CE8C1D31134800882653 /* ABXAttachment.m */ = {isa = PBXFileReference; fileEncoding = 4; lastKnownFileType = sourcecode.c.objc; path = ABXAttachment.m; sourceTree = "<group>"; };
		A3C2CE8D1D31134800882653 /* ABXFaq.h */ = {isa = PBXFileReference; fileEncoding = 4; lastKnownFileType = sourcecode.c.h; path = ABXFaq.h; sourceTree = "<group>"; };
		A3C2CE8E1D31134800882653 /* ABXFaq.m */ = {isa = PBXFileReference; fileEncoding = 4; lastKnownFileType = sourcecode.c.objc; path = ABXFaq.m; sourceTree = "<group>"; };
		A3C2CE8F1D31134800882653 /* ABXIssue.h */ = {isa = PBXFileReference; fileEncoding = 4; lastKnownFileType = sourcecode.c.h; path = ABXIssue.h; sourceTree = "<group>"; };
		A3C2CE901D31134800882653 /* ABXIssue.m */ = {isa = PBXFileReference; fileEncoding = 4; lastKnownFileType = sourcecode.c.objc; path = ABXIssue.m; sourceTree = "<group>"; };
		A3C2CE911D31134800882653 /* ABXModel.h */ = {isa = PBXFileReference; fileEncoding = 4; lastKnownFileType = sourcecode.c.h; path = ABXModel.h; sourceTree = "<group>"; };
		A3C2CE921D31134800882653 /* ABXModel.m */ = {isa = PBXFileReference; fileEncoding = 4; lastKnownFileType = sourcecode.c.objc; path = ABXModel.m; sourceTree = "<group>"; };
		A3C2CE931D31134800882653 /* ABXNotification.h */ = {isa = PBXFileReference; fileEncoding = 4; lastKnownFileType = sourcecode.c.h; path = ABXNotification.h; sourceTree = "<group>"; };
		A3C2CE941D31134800882653 /* ABXNotification.m */ = {isa = PBXFileReference; fileEncoding = 4; lastKnownFileType = sourcecode.c.objc; path = ABXNotification.m; sourceTree = "<group>"; };
		A3C2CE951D31134800882653 /* ABXVersion.h */ = {isa = PBXFileReference; fileEncoding = 4; lastKnownFileType = sourcecode.c.h; path = ABXVersion.h; sourceTree = "<group>"; };
		A3C2CE961D31134800882653 /* ABXVersion.m */ = {isa = PBXFileReference; fileEncoding = 4; lastKnownFileType = sourcecode.c.objc; path = ABXVersion.m; sourceTree = "<group>"; };
		A3C2CE981D31134800882653 /* ABXFAQTableViewCell.h */ = {isa = PBXFileReference; fileEncoding = 4; lastKnownFileType = sourcecode.c.h; path = ABXFAQTableViewCell.h; sourceTree = "<group>"; };
		A3C2CE991D31134800882653 /* ABXFAQTableViewCell.m */ = {isa = PBXFileReference; fileEncoding = 4; lastKnownFileType = sourcecode.c.objc; path = ABXFAQTableViewCell.m; sourceTree = "<group>"; };
		A3C2CE9A1D31134800882653 /* ABXNotificationTableViewCell.h */ = {isa = PBXFileReference; fileEncoding = 4; lastKnownFileType = sourcecode.c.h; path = ABXNotificationTableViewCell.h; sourceTree = "<group>"; };
		A3C2CE9B1D31134800882653 /* ABXNotificationTableViewCell.m */ = {isa = PBXFileReference; fileEncoding = 4; lastKnownFileType = sourcecode.c.objc; path = ABXNotificationTableViewCell.m; sourceTree = "<group>"; };
		A3C2CE9C1D31134800882653 /* ABXNotificationView.h */ = {isa = PBXFileReference; fileEncoding = 4; lastKnownFileType = sourcecode.c.h; path = ABXNotificationView.h; sourceTree = "<group>"; };
		A3C2CE9D1D31134800882653 /* ABXNotificationView.m */ = {isa = PBXFileReference; fileEncoding = 4; lastKnownFileType = sourcecode.c.objc; path = ABXNotificationView.m; sourceTree = "<group>"; };
		A3C2CE9E1D31134800882653 /* ABXPromptView.h */ = {isa = PBXFileReference; fileEncoding = 4; lastKnownFileType = sourcecode.c.h; path = ABXPromptView.h; sourceTree = "<group>"; };
		A3C2CE9F1D31134800882653 /* ABXPromptView.m */ = {isa = PBXFileReference; fileEncoding = 4; lastKnownFileType = sourcecode.c.objc; path = ABXPromptView.m; sourceTree = "<group>"; };
		A3C2CEA01D31134800882653 /* ABXTextView.h */ = {isa = PBXFileReference; fileEncoding = 4; lastKnownFileType = sourcecode.c.h; path = ABXTextView.h; sourceTree = "<group>"; };
		A3C2CEA11D31134800882653 /* ABXTextView.m */ = {isa = PBXFileReference; fileEncoding = 4; lastKnownFileType = sourcecode.c.objc; path = ABXTextView.m; sourceTree = "<group>"; };
		A3C2CEA21D31134800882653 /* ABXVersionNotificationView.h */ = {isa = PBXFileReference; fileEncoding = 4; lastKnownFileType = sourcecode.c.h; path = ABXVersionNotificationView.h; sourceTree = "<group>"; };
		A3C2CEA31D31134800882653 /* ABXVersionNotificationView.m */ = {isa = PBXFileReference; fileEncoding = 4; lastKnownFileType = sourcecode.c.objc; path = ABXVersionNotificationView.m; sourceTree = "<group>"; };
		A3C2CEA41D31134800882653 /* ABXVersionTableViewCell.h */ = {isa = PBXFileReference; fileEncoding = 4; lastKnownFileType = sourcecode.c.h; path = ABXVersionTableViewCell.h; sourceTree = "<group>"; };
		A3C2CEA51D31134800882653 /* ABXVersionTableViewCell.m */ = {isa = PBXFileReference; fileEncoding = 4; lastKnownFileType = sourcecode.c.objc; path = ABXVersionTableViewCell.m; sourceTree = "<group>"; };
		E0245EA41964F229008F163B /* en */ = {isa = PBXFileReference; lastKnownFileType = text.plist.strings; name = en; path = en.lproj/Localizable.strings; sourceTree = "<group>"; };
		E0245EA61964F243008F163B /* fr */ = {isa = PBXFileReference; lastKnownFileType = text.plist.strings; name = fr; path = fr.lproj/InfoPlist.strings; sourceTree = "<group>"; };
		E0245EA71964F243008F163B /* fr */ = {isa = PBXFileReference; lastKnownFileType = text.plist.strings; name = fr; path = fr.lproj/Localizable.strings; sourceTree = "<group>"; };
		E039FD48192C290E00BA0B76 /* Sample Project.app */ = {isa = PBXFileReference; explicitFileType = wrapper.application; includeInIndex = 0; path = "Sample Project.app"; sourceTree = BUILT_PRODUCTS_DIR; };
		E039FD4B192C290E00BA0B76 /* Foundation.framework */ = {isa = PBXFileReference; lastKnownFileType = wrapper.framework; name = Foundation.framework; path = System/Library/Frameworks/Foundation.framework; sourceTree = SDKROOT; };
		E039FD4D192C290E00BA0B76 /* CoreGraphics.framework */ = {isa = PBXFileReference; lastKnownFileType = wrapper.framework; name = CoreGraphics.framework; path = System/Library/Frameworks/CoreGraphics.framework; sourceTree = SDKROOT; };
		E039FD4F192C290E00BA0B76 /* UIKit.framework */ = {isa = PBXFileReference; lastKnownFileType = wrapper.framework; name = UIKit.framework; path = System/Library/Frameworks/UIKit.framework; sourceTree = SDKROOT; };
		E039FD53192C290E00BA0B76 /* Sample Project-Info.plist */ = {isa = PBXFileReference; lastKnownFileType = text.plist.xml; path = "Sample Project-Info.plist"; sourceTree = "<group>"; };
		E039FD55192C290E00BA0B76 /* en */ = {isa = PBXFileReference; lastKnownFileType = text.plist.strings; name = en; path = en.lproj/InfoPlist.strings; sourceTree = "<group>"; };
		E039FD57192C290E00BA0B76 /* main.m */ = {isa = PBXFileReference; lastKnownFileType = sourcecode.c.objc; path = main.m; sourceTree = "<group>"; };
		E039FD59192C290E00BA0B76 /* Sample Project-Prefix.pch */ = {isa = PBXFileReference; lastKnownFileType = sourcecode.c.h; path = "Sample Project-Prefix.pch"; sourceTree = "<group>"; };
		E039FD5A192C290E00BA0B76 /* ABXAppDelegate.h */ = {isa = PBXFileReference; lastKnownFileType = sourcecode.c.h; path = ABXAppDelegate.h; sourceTree = "<group>"; };
		E039FD5B192C290E00BA0B76 /* ABXAppDelegate.m */ = {isa = PBXFileReference; lastKnownFileType = sourcecode.c.objc; path = ABXAppDelegate.m; sourceTree = "<group>"; };
		E039FD5D192C290E00BA0B76 /* Images.xcassets */ = {isa = PBXFileReference; lastKnownFileType = folder.assetcatalog; path = Images.xcassets; sourceTree = "<group>"; };
		E039FD64192C290E00BA0B76 /* XCTest.framework */ = {isa = PBXFileReference; lastKnownFileType = wrapper.framework; name = XCTest.framework; path = Library/Frameworks/XCTest.framework; sourceTree = DEVELOPER_DIR; };
		E039FD91192C51FB00BA0B76 /* ABXViewController.h */ = {isa = PBXFileReference; fileEncoding = 4; lastKnownFileType = sourcecode.c.h; path = ABXViewController.h; sourceTree = "<group>"; };
		E039FD92192C51FB00BA0B76 /* ABXViewController.m */ = {isa = PBXFileReference; fileEncoding = 4; lastKnownFileType = sourcecode.c.objc; path = ABXViewController.m; sourceTree = "<group>"; };
		E039FD94192C521B00BA0B76 /* Storyboard.storyboard */ = {isa = PBXFileReference; fileEncoding = 4; lastKnownFileType = file.storyboard; path = Storyboard.storyboard; sourceTree = "<group>"; };
		E059154E19EE0EFA002E358C /* it */ = {isa = PBXFileReference; lastKnownFileType = text.plist.strings; name = it; path = it.lproj/Localizable.strings; sourceTree = "<group>"; };
		E059154F19EE0F63002E358C /* Launch Screen.xib */ = {isa = PBXFileReference; fileEncoding = 4; lastKnownFileType = file.xib; path = "Launch Screen.xib"; sourceTree = "<group>"; };
/* End PBXFileReference section */

/* Begin PBXFrameworksBuildPhase section */
		A3C2CE191D310E5900882653 /* Frameworks */ = {
			isa = PBXFrameworksBuildPhase;
			buildActionMask = 2147483647;
			files = (
			);
			runOnlyForDeploymentPostprocessing = 0;
		};
		E039FD45192C290E00BA0B76 /* Frameworks */ = {
			isa = PBXFrameworksBuildPhase;
			buildActionMask = 2147483647;
			files = (
				A3C2CEE21D3116B600882653 /* AppbotX.framework in Frameworks */,
				E039FD4E192C290E00BA0B76 /* CoreGraphics.framework in Frameworks */,
				E039FD50192C290E00BA0B76 /* UIKit.framework in Frameworks */,
				E039FD4C192C290E00BA0B76 /* Foundation.framework in Frameworks */,
				A3C2CE251D310FB900882653 /* AppbotX.framework in Frameworks */,
			);
			runOnlyForDeploymentPostprocessing = 0;
		};
/* End PBXFrameworksBuildPhase section */

/* Begin PBXGroup section */
		A3C2CE1E1D310E5900882653 /* AppbotX */ = {
			isa = PBXGroup;
			children = (
				A3C2CE1F1D310E5900882653 /* AppbotX.h */,
				A3C2CE211D310E5900882653 /* Info.plist */,
			);
			path = AppbotX;
			sourceTree = "<group>";
		};
		A3C2CE651D31134800882653 /* Classes */ = {
			isa = PBXGroup;
			children = (
				A3C2CE661D31134800882653 /* ABX.h */,
				A3C2CE671D31134800882653 /* AppbotX.bundle */,
				A3C2CE681D31134800882653 /* Classes */,
				A3C2CE7B1D31134800882653 /* Controllers */,
				A3C2CE8A1D31134800882653 /* Models */,
				A3C2CE971D31134800882653 /* Views */,
			);
			name = Classes;
			path = ../Classes;
			sourceTree = "<group>";
		};
		A3C2CE681D31134800882653 /* Classes */ = {
			isa = PBXGroup;
			children = (
				A3C2CE691D31134800882653 /* ABXApiClient.h */,
				A3C2CE6A1D31134800882653 /* ABXApiClient.m */,
				A3C2CE6B1D31134800882653 /* ABXAppStore.h */,
				A3C2CE6C1D31134800882653 /* ABXAppStore.m */,
				A3C2CE6D1D31134800882653 /* ABXKeychain.h */,
				A3C2CE6E1D31134800882653 /* ABXKeychain.m */,
				A3C2CE6F1D31134800882653 /* NSDictionary+ABXNSNullAsNull.h */,
				A3C2CE701D31134800882653 /* NSDictionary+ABXNSNullAsNull.m */,
				A3C2CE711D31134800882653 /* NSDictionary+ABXQueryString.h */,
				A3C2CE721D31134800882653 /* NSDictionary+ABXQueryString.m */,
				A3C2CE731D31134800882653 /* NSString+ABXLocalized.h */,
				A3C2CE741D31134800882653 /* NSString+ABXLocalized.m */,
				A3C2CE751D31134800882653 /* NSString+ABXSizing.h */,
				A3C2CE761D31134800882653 /* NSString+ABXSizing.m */,
				A3C2CE771D31134800882653 /* NSString+ABXURLEncoding.h */,
				A3C2CE781D31134800882653 /* NSString+ABXURLEncoding.m */,
				A3C2CE791D31134800882653 /* UIViewController+ABXScreenshot.h */,
				A3C2CE7A1D31134800882653 /* UIViewController+ABXScreenshot.m */,
			);
			path = Classes;
			sourceTree = "<group>";
		};
		A3C2CE7B1D31134800882653 /* Controllers */ = {
			isa = PBXGroup;
			children = (
				A3C2CE7C1D31134800882653 /* ABXBaseListViewController.h */,
				A3C2CE7D1D31134800882653 /* ABXBaseListViewController.m */,
				A3C2CE7E1D31134800882653 /* ABXFAQsViewController.h */,
				A3C2CE7F1D31134800882653 /* ABXFAQsViewController.m */,
				A3C2CE801D31134800882653 /* ABXFAQViewController.h */,
				A3C2CE811D31134800882653 /* ABXFAQViewController.m */,
				A3C2CE821D31134800882653 /* ABXFeedbackViewController.h */,
				A3C2CE831D31134800882653 /* ABXFeedbackViewController.m */,
				A3C2CE841D31134800882653 /* ABXNavigationController.h */,
				A3C2CE851D31134800882653 /* ABXNavigationController.m */,
				A3C2CE861D31134800882653 /* ABXNotificationsViewController.h */,
				A3C2CE871D31134800882653 /* ABXNotificationsViewController.m */,
				A3C2CE881D31134800882653 /* ABXVersionsViewController.h */,
				A3C2CE891D31134800882653 /* ABXVersionsViewController.m */,
			);
			path = Controllers;
			sourceTree = "<group>";
		};
		A3C2CE8A1D31134800882653 /* Models */ = {
			isa = PBXGroup;
			children = (
				A3C2CE8B1D31134800882653 /* ABXAttachment.h */,
				A3C2CE8C1D31134800882653 /* ABXAttachment.m */,
				A3C2CE8D1D31134800882653 /* ABXFaq.h */,
				A3C2CE8E1D31134800882653 /* ABXFaq.m */,
				A3C2CE8F1D31134800882653 /* ABXIssue.h */,
				A3C2CE901D31134800882653 /* ABXIssue.m */,
				A3C2CE911D31134800882653 /* ABXModel.h */,
				A3C2CE921D31134800882653 /* ABXModel.m */,
				A3C2CE931D31134800882653 /* ABXNotification.h */,
				A3C2CE941D31134800882653 /* ABXNotification.m */,
				A3C2CE951D31134800882653 /* ABXVersion.h */,
				A3C2CE961D31134800882653 /* ABXVersion.m */,
			);
			path = Models;
			sourceTree = "<group>";
		};
		A3C2CE971D31134800882653 /* Views */ = {
			isa = PBXGroup;
			children = (
				A3C2CE981D31134800882653 /* ABXFAQTableViewCell.h */,
				A3C2CE991D31134800882653 /* ABXFAQTableViewCell.m */,
				A3C2CE9A1D31134800882653 /* ABXNotificationTableViewCell.h */,
				A3C2CE9B1D31134800882653 /* ABXNotificationTableViewCell.m */,
				A3C2CE9C1D31134800882653 /* ABXNotificationView.h */,
				A3C2CE9D1D31134800882653 /* ABXNotificationView.m */,
				A3C2CE9E1D31134800882653 /* ABXPromptView.h */,
				A3C2CE9F1D31134800882653 /* ABXPromptView.m */,
				A3C2CEA01D31134800882653 /* ABXTextView.h */,
				A3C2CEA11D31134800882653 /* ABXTextView.m */,
				A3C2CEA21D31134800882653 /* ABXVersionNotificationView.h */,
				A3C2CEA31D31134800882653 /* ABXVersionNotificationView.m */,
				A3C2CEA41D31134800882653 /* ABXVersionTableViewCell.h */,
				A3C2CEA51D31134800882653 /* ABXVersionTableViewCell.m */,
			);
			path = Views;
			sourceTree = "<group>";
		};
		E039FD3F192C290E00BA0B76 = {
			isa = PBXGroup;
			children = (
				A3C2CE651D31134800882653 /* Classes */,
				E039FD51192C290E00BA0B76 /* Sample Project */,
				A3C2CE1E1D310E5900882653 /* AppbotX */,
				E039FD4A192C290E00BA0B76 /* Frameworks */,
				E039FD49192C290E00BA0B76 /* Products */,
			);
			sourceTree = "<group>";
		};
		E039FD49192C290E00BA0B76 /* Products */ = {
			isa = PBXGroup;
			children = (
				E039FD48192C290E00BA0B76 /* Sample Project.app */,
				A3C2CE1D1D310E5900882653 /* AppbotX.framework */,
			);
			name = Products;
			sourceTree = "<group>";
		};
		E039FD4A192C290E00BA0B76 /* Frameworks */ = {
			isa = PBXGroup;
			children = (
				E039FD4B192C290E00BA0B76 /* Foundation.framework */,
				E039FD4D192C290E00BA0B76 /* CoreGraphics.framework */,
				E039FD4F192C290E00BA0B76 /* UIKit.framework */,
				E039FD64192C290E00BA0B76 /* XCTest.framework */,
			);
			name = Frameworks;
			sourceTree = "<group>";
		};
		E039FD51192C290E00BA0B76 /* Sample Project */ = {
			isa = PBXGroup;
			children = (
				E039FD5A192C290E00BA0B76 /* ABXAppDelegate.h */,
				E039FD5B192C290E00BA0B76 /* ABXAppDelegate.m */,
				E039FD5D192C290E00BA0B76 /* Images.xcassets */,
				E039FD52192C290E00BA0B76 /* Supporting Files */,
				E039FD91192C51FB00BA0B76 /* ABXViewController.h */,
				E039FD92192C51FB00BA0B76 /* ABXViewController.m */,
				E039FD94192C521B00BA0B76 /* Storyboard.storyboard */,
				E0245EA51964F229008F163B /* Localizable.strings */,
				E059154F19EE0F63002E358C /* Launch Screen.xib */,
			);
			path = "Sample Project";
			sourceTree = "<group>";
		};
		E039FD52192C290E00BA0B76 /* Supporting Files */ = {
			isa = PBXGroup;
			children = (
				E039FD53192C290E00BA0B76 /* Sample Project-Info.plist */,
				E039FD54192C290E00BA0B76 /* InfoPlist.strings */,
				E039FD57192C290E00BA0B76 /* main.m */,
				E039FD59192C290E00BA0B76 /* Sample Project-Prefix.pch */,
			);
			name = "Supporting Files";
			sourceTree = "<group>";
		};
/* End PBXGroup section */

/* Begin PBXHeadersBuildPhase section */
		A3C2CE1A1D310E5900882653 /* Headers */ = {
			isa = PBXHeadersBuildPhase;
			buildActionMask = 2147483647;
			files = (
				A3C2CEA81D31134800882653 /* ABXApiClient.h in Headers */,
				A3C2CECA1D31134800882653 /* ABXFaq.h in Headers */,
				A3C2CEDA1D31134800882653 /* ABXPromptView.h in Headers */,
				A3C2CED81D31134800882653 /* ABXNotificationView.h in Headers */,
				A3C2CEC41D31134800882653 /* ABXNotificationsViewController.h in Headers */,
				A3C2CEBE1D31134800882653 /* ABXFAQViewController.h in Headers */,
				A3C2CEC01D31134800882653 /* ABXFeedbackViewController.h in Headers */,
				A3C2CEC61D31134800882653 /* ABXVersionsViewController.h in Headers */,
				A3C2CED21D31134800882653 /* ABXVersion.h in Headers */,
				A3C2CEBC1D31134800882653 /* ABXFAQsViewController.h in Headers */,
				A3C2CECC1D31134800882653 /* ABXIssue.h in Headers */,
				A3C2CED01D31134800882653 /* ABXNotification.h in Headers */,
				A3C2CEDE1D31134800882653 /* ABXVersionNotificationView.h in Headers */,
				A3C2CEAA1D31134800882653 /* ABXAppStore.h in Headers */,
				A3C2CEAC1D31134800882653 /* ABXKeychain.h in Headers */,
				A3C2CEBA1D31134800882653 /* ABXBaseListViewController.h in Headers */,
				A3C2CEB21D31134800882653 /* NSString+ABXLocalized.h in Headers */,
				A3C2CED41D31134800882653 /* ABXFAQTableViewCell.h in Headers */,
				A3C2CEB01D31134800882653 /* NSDictionary+ABXQueryString.h in Headers */,
				A3C2CEAE1D31134800882653 /* NSDictionary+ABXNSNullAsNull.h in Headers */,
				A3C2CEB61D31134800882653 /* NSString+ABXURLEncoding.h in Headers */,
				A3C2CEDC1D31134800882653 /* ABXTextView.h in Headers */,
				A3C2CECE1D31134800882653 /* ABXModel.h in Headers */,
				A3C2CEA61D31134800882653 /* ABX.h in Headers */,
				A3C2CEB81D31134800882653 /* UIViewController+ABXScreenshot.h in Headers */,
				A3C2CEB41D31134800882653 /* NSString+ABXSizing.h in Headers */,
				A3C2CE201D310E5900882653 /* AppbotX.h in Headers */,
				A3C2CEE01D31134800882653 /* ABXVersionTableViewCell.h in Headers */,
				A3C2CED61D31134800882653 /* ABXNotificationTableViewCell.h in Headers */,
				A3C2CEC81D31134800882653 /* ABXAttachment.h in Headers */,
				A3C2CEC21D31134800882653 /* ABXNavigationController.h in Headers */,
			);
			runOnlyForDeploymentPostprocessing = 0;
		};
/* End PBXHeadersBuildPhase section */

/* Begin PBXNativeTarget section */
		A3C2CE1C1D310E5900882653 /* AppbotX */ = {
			isa = PBXNativeTarget;
			buildConfigurationList = A3C2CE241D310E5900882653 /* Build configuration list for PBXNativeTarget "AppbotX" */;
			buildPhases = (
				A3C2CE181D310E5900882653 /* Sources */,
				A3C2CE191D310E5900882653 /* Frameworks */,
				A3C2CE1A1D310E5900882653 /* Headers */,
				A3C2CE1B1D310E5900882653 /* Resources */,
			);
			buildRules = (
			);
			dependencies = (
			);
			name = AppbotX;
			productName = AppbotX;
			productReference = A3C2CE1D1D310E5900882653 /* AppbotX.framework */;
			productType = "com.apple.product-type.framework";
		};
		E039FD47192C290E00BA0B76 /* Sample Project */ = {
			isa = PBXNativeTarget;
			buildConfigurationList = E039FD74192C290E00BA0B76 /* Build configuration list for PBXNativeTarget "Sample Project" */;
			buildPhases = (
				E039FD44192C290E00BA0B76 /* Sources */,
				E039FD45192C290E00BA0B76 /* Frameworks */,
				E039FD46192C290E00BA0B76 /* Resources */,
				A3C2CE291D310FB900882653 /* Embed Frameworks */,
			);
			buildRules = (
			);
			dependencies = (
				A3C2CE281D310FB900882653 /* PBXTargetDependency */,
			);
			name = "Sample Project";
			productName = "Sample Project";
			productReference = E039FD48192C290E00BA0B76 /* Sample Project.app */;
			productType = "com.apple.product-type.application";
		};
/* End PBXNativeTarget section */

/* Begin PBXProject section */
		E039FD40192C290E00BA0B76 /* Project object */ = {
			isa = PBXProject;
			attributes = {
				CLASSPREFIX = ABX;
				LastUpgradeCheck = 0700;
				ORGANIZATIONNAME = Appbot;
				TargetAttributes = {
					A3C2CE1C1D310E5900882653 = {
						CreatedOnToolsVersion = 7.3;
					};
				};
			};
			buildConfigurationList = E039FD43192C290E00BA0B76 /* Build configuration list for PBXProject "Sample Project" */;
			compatibilityVersion = "Xcode 3.2";
			developmentRegion = English;
			hasScannedForEncodings = 0;
			knownRegions = (
				en,
				fr,
				it,
			);
			mainGroup = E039FD3F192C290E00BA0B76;
			productRefGroup = E039FD49192C290E00BA0B76 /* Products */;
			projectDirPath = "";
			projectRoot = "";
			targets = (
				E039FD47192C290E00BA0B76 /* Sample Project */,
				A3C2CE1C1D310E5900882653 /* AppbotX */,
			);
		};
/* End PBXProject section */

/* Begin PBXResourcesBuildPhase section */
		A3C2CE1B1D310E5900882653 /* Resources */ = {
			isa = PBXResourcesBuildPhase;
			buildActionMask = 2147483647;
			files = (
				A3C2CEA71D31134800882653 /* AppbotX.bundle in Resources */,
			);
			runOnlyForDeploymentPostprocessing = 0;
		};
		E039FD46192C290E00BA0B76 /* Resources */ = {
			isa = PBXResourcesBuildPhase;
			buildActionMask = 2147483647;
			files = (
				E0245EA31964F229008F163B /* Localizable.strings in Resources */,
				E039FD56192C290E00BA0B76 /* InfoPlist.strings in Resources */,
				E039FD5E192C290E00BA0B76 /* Images.xcassets in Resources */,
				E039FD95192C521B00BA0B76 /* Storyboard.storyboard in Resources */,
				E059155019EE0F63002E358C /* Launch Screen.xib in Resources */,
			);
			runOnlyForDeploymentPostprocessing = 0;
		};
/* End PBXResourcesBuildPhase section */

/* Begin PBXSourcesBuildPhase section */
		A3C2CE181D310E5900882653 /* Sources */ = {
			isa = PBXSourcesBuildPhase;
			buildActionMask = 2147483647;
			files = (
				A3C2CEDB1D31134800882653 /* ABXPromptView.m in Sources */,
				A3C2CEA91D31134800882653 /* ABXApiClient.m in Sources */,
				A3C2CECF1D31134800882653 /* ABXModel.m in Sources */,
				A3C2CEBB1D31134800882653 /* ABXBaseListViewController.m in Sources */,
				A3C2CEB31D31134800882653 /* NSString+ABXLocalized.m in Sources */,
				A3C2CEBF1D31134800882653 /* ABXFAQViewController.m in Sources */,
				A3C2CEAF1D31134800882653 /* NSDictionary+ABXNSNullAsNull.m in Sources */,
				A3C2CED51D31134800882653 /* ABXFAQTableViewCell.m in Sources */,
				A3C2CEBD1D31134800882653 /* ABXFAQsViewController.m in Sources */,
				A3C2CEAB1D31134800882653 /* ABXAppStore.m in Sources */,
				A3C2CEE11D31134800882653 /* ABXVersionTableViewCell.m in Sources */,
				A3C2CEDF1D31134800882653 /* ABXVersionNotificationView.m in Sources */,
				A3C2CEB91D31134800882653 /* UIViewController+ABXScreenshot.m in Sources */,
				A3C2CEB71D31134800882653 /* NSString+ABXURLEncoding.m in Sources */,
				A3C2CEC71D31134800882653 /* ABXVersionsViewController.m in Sources */,
				A3C2CECD1D31134800882653 /* ABXIssue.m in Sources */,
				A3C2CECB1D31134800882653 /* ABXFaq.m in Sources */,
				A3C2CED71D31134800882653 /* ABXNotificationTableViewCell.m in Sources */,
				A3C2CEC11D31134800882653 /* ABXFeedbackViewController.m in Sources */,
				A3C2CEDD1D31134800882653 /* ABXTextView.m in Sources */,
				A3C2CEC91D31134800882653 /* ABXAttachment.m in Sources */,
				A3C2CED91D31134800882653 /* ABXNotificationView.m in Sources */,
				A3C2CEAD1D31134800882653 /* ABXKeychain.m in Sources */,
				A3C2CEB11D31134800882653 /* NSDictionary+ABXQueryString.m in Sources */,
				A3C2CED11D31134800882653 /* ABXNotification.m in Sources */,
				A3C2CED31D31134800882653 /* ABXVersion.m in Sources */,
				A3C2CEB51D31134800882653 /* NSString+ABXSizing.m in Sources */,
				A3C2CEC51D31134800882653 /* ABXNotificationsViewController.m in Sources */,
				A3C2CEC31D31134800882653 /* ABXNavigationController.m in Sources */,
			);
			runOnlyForDeploymentPostprocessing = 0;
		};
		E039FD44192C290E00BA0B76 /* Sources */ = {
			isa = PBXSourcesBuildPhase;
			buildActionMask = 2147483647;
			files = (
				E039FD93192C51FB00BA0B76 /* ABXViewController.m in Sources */,
				E039FD5C192C290E00BA0B76 /* ABXAppDelegate.m in Sources */,
				E039FD58192C290E00BA0B76 /* main.m in Sources */,
			);
			runOnlyForDeploymentPostprocessing = 0;
		};
/* End PBXSourcesBuildPhase section */

/* Begin PBXTargetDependency section */
		A3C2CE281D310FB900882653 /* PBXTargetDependency */ = {
			isa = PBXTargetDependency;
			target = A3C2CE1C1D310E5900882653 /* AppbotX */;
			targetProxy = A3C2CE271D310FB900882653 /* PBXContainerItemProxy */;
		};
/* End PBXTargetDependency section */

/* Begin PBXVariantGroup section */
		E0245EA51964F229008F163B /* Localizable.strings */ = {
			isa = PBXVariantGroup;
			children = (
				E0245EA41964F229008F163B /* en */,
				E0245EA71964F243008F163B /* fr */,
				E059154E19EE0EFA002E358C /* it */,
			);
			name = Localizable.strings;
			sourceTree = "<group>";
		};
		E039FD54192C290E00BA0B76 /* InfoPlist.strings */ = {
			isa = PBXVariantGroup;
			children = (
				E039FD55192C290E00BA0B76 /* en */,
				E0245EA61964F243008F163B /* fr */,
			);
			name = InfoPlist.strings;
			sourceTree = "<group>";
		};
/* End PBXVariantGroup section */

/* Begin XCBuildConfiguration section */
		A3C2CE221D310E5900882653 /* Debug */ = {
			isa = XCBuildConfiguration;
			buildSettings = {
				CLANG_ANALYZER_NONNULL = YES;
				CLANG_WARN_UNREACHABLE_CODE = YES;
				CURRENT_PROJECT_VERSION = 1;
				DEBUG_INFORMATION_FORMAT = dwarf;
				DEFINES_MODULE = YES;
				DYLIB_COMPATIBILITY_VERSION = 1;
				DYLIB_CURRENT_VERSION = 1;
				DYLIB_INSTALL_NAME_BASE = "@rpath";
				ENABLE_STRICT_OBJC_MSGSEND = YES;
				GCC_NO_COMMON_BLOCKS = YES;
				INFOPLIST_FILE = AppbotX/Info.plist;
				INSTALL_PATH = "$(LOCAL_LIBRARY_DIR)/Frameworks";
				IPHONEOS_DEPLOYMENT_TARGET = 6.0;
				LD_RUNPATH_SEARCH_PATHS = "$(inherited) @executable_path/Frameworks @loader_path/Frameworks";
				MACH_O_TYPE = mh_dylib;
				MTL_ENABLE_DEBUG_INFO = YES;
				PRODUCT_BUNDLE_IDENTIFIER = au.com.appbot.appbotx.AppbotX;
				PRODUCT_NAME = "$(TARGET_NAME)";
				SKIP_INSTALL = YES;
				VERSIONING_SYSTEM = "apple-generic";
				VERSION_INFO_PREFIX = "";
			};
			name = Debug;
		};
		A3C2CE231D310E5900882653 /* Release */ = {
			isa = XCBuildConfiguration;
			buildSettings = {
				CLANG_ANALYZER_NONNULL = YES;
				CLANG_WARN_UNREACHABLE_CODE = YES;
				COPY_PHASE_STRIP = NO;
				CURRENT_PROJECT_VERSION = 1;
				DEBUG_INFORMATION_FORMAT = "dwarf-with-dsym";
				DEFINES_MODULE = YES;
				DYLIB_COMPATIBILITY_VERSION = 1;
				DYLIB_CURRENT_VERSION = 1;
				DYLIB_INSTALL_NAME_BASE = "@rpath";
				ENABLE_STRICT_OBJC_MSGSEND = YES;
				GCC_NO_COMMON_BLOCKS = YES;
				INFOPLIST_FILE = AppbotX/Info.plist;
				INSTALL_PATH = "$(LOCAL_LIBRARY_DIR)/Frameworks";
				IPHONEOS_DEPLOYMENT_TARGET = 6.0;
				LD_RUNPATH_SEARCH_PATHS = "$(inherited) @executable_path/Frameworks @loader_path/Frameworks";
				MACH_O_TYPE = mh_dylib;
				MTL_ENABLE_DEBUG_INFO = NO;
				PRODUCT_BUNDLE_IDENTIFIER = au.com.appbot.appbotx.AppbotX;
				PRODUCT_NAME = "$(TARGET_NAME)";
				SKIP_INSTALL = YES;
				VERSIONING_SYSTEM = "apple-generic";
				VERSION_INFO_PREFIX = "";
			};
			name = Release;
		};
		E039FD72192C290E00BA0B76 /* Debug */ = {
			isa = XCBuildConfiguration;
			buildSettings = {
				ALWAYS_SEARCH_USER_PATHS = NO;
				CLANG_CXX_LANGUAGE_STANDARD = "gnu++0x";
				CLANG_CXX_LIBRARY = "libc++";
				CLANG_ENABLE_MODULES = YES;
				CLANG_ENABLE_OBJC_ARC = YES;
				CLANG_WARN_BOOL_CONVERSION = YES;
				CLANG_WARN_CONSTANT_CONVERSION = YES;
				CLANG_WARN_DIRECT_OBJC_ISA_USAGE = YES_ERROR;
				CLANG_WARN_EMPTY_BODY = YES;
				CLANG_WARN_ENUM_CONVERSION = YES;
				CLANG_WARN_INT_CONVERSION = YES;
				CLANG_WARN_OBJC_ROOT_CLASS = YES_ERROR;
				CLANG_WARN__DUPLICATE_METHOD_MATCH = YES;
				"CODE_SIGN_IDENTITY[sdk=iphoneos*]" = "iPhone Developer";
				COPY_PHASE_STRIP = NO;
				ENABLE_TESTABILITY = YES;
				GCC_C_LANGUAGE_STANDARD = gnu99;
				GCC_DYNAMIC_NO_PIC = NO;
				GCC_OPTIMIZATION_LEVEL = 0;
				GCC_PREPROCESSOR_DEFINITIONS = (
					"DEBUG=1",
					"$(inherited)",
				);
				GCC_SYMBOLS_PRIVATE_EXTERN = NO;
				GCC_WARN_64_TO_32_BIT_CONVERSION = YES;
				GCC_WARN_ABOUT_RETURN_TYPE = YES_ERROR;
				GCC_WARN_UNDECLARED_SELECTOR = YES;
				GCC_WARN_UNINITIALIZED_AUTOS = YES_AGGRESSIVE;
				GCC_WARN_UNUSED_FUNCTION = YES;
				GCC_WARN_UNUSED_VARIABLE = YES;
				IPHONEOS_DEPLOYMENT_TARGET = 7.1;
				ONLY_ACTIVE_ARCH = YES;
				SDKROOT = iphoneos;
				TARGETED_DEVICE_FAMILY = "1,2";
			};
			name = Debug;
		};
		E039FD73192C290E00BA0B76 /* Release */ = {
			isa = XCBuildConfiguration;
			buildSettings = {
				ALWAYS_SEARCH_USER_PATHS = NO;
				CLANG_CXX_LANGUAGE_STANDARD = "gnu++0x";
				CLANG_CXX_LIBRARY = "libc++";
				CLANG_ENABLE_MODULES = YES;
				CLANG_ENABLE_OBJC_ARC = YES;
				CLANG_WARN_BOOL_CONVERSION = YES;
				CLANG_WARN_CONSTANT_CONVERSION = YES;
				CLANG_WARN_DIRECT_OBJC_ISA_USAGE = YES_ERROR;
				CLANG_WARN_EMPTY_BODY = YES;
				CLANG_WARN_ENUM_CONVERSION = YES;
				CLANG_WARN_INT_CONVERSION = YES;
				CLANG_WARN_OBJC_ROOT_CLASS = YES_ERROR;
				CLANG_WARN__DUPLICATE_METHOD_MATCH = YES;
				"CODE_SIGN_IDENTITY[sdk=iphoneos*]" = "iPhone Developer";
				COPY_PHASE_STRIP = YES;
				ENABLE_NS_ASSERTIONS = NO;
				GCC_C_LANGUAGE_STANDARD = gnu99;
				GCC_WARN_64_TO_32_BIT_CONVERSION = YES;
				GCC_WARN_ABOUT_RETURN_TYPE = YES_ERROR;
				GCC_WARN_UNDECLARED_SELECTOR = YES;
				GCC_WARN_UNINITIALIZED_AUTOS = YES_AGGRESSIVE;
				GCC_WARN_UNUSED_FUNCTION = YES;
				GCC_WARN_UNUSED_VARIABLE = YES;
				IPHONEOS_DEPLOYMENT_TARGET = 7.1;
				SDKROOT = iphoneos;
				TARGETED_DEVICE_FAMILY = "1,2";
				VALIDATE_PRODUCT = YES;
			};
			name = Release;
		};
		E039FD75192C290E00BA0B76 /* Debug */ = {
			isa = XCBuildConfiguration;
			buildSettings = {
				ASSETCATALOG_COMPILER_APPICON_NAME = AppIcon;
				ASSETCATALOG_COMPILER_LAUNCHIMAGE_NAME = LaunchImage;
				CLANG_WARN_ASSIGN_ENUM = YES;
				CLANG_WARN_DOCUMENTATION_COMMENTS = YES;
				CLANG_WARN_IMPLICIT_SIGN_CONVERSION = YES;
				CLANG_WARN_SUSPICIOUS_IMPLICIT_CONVERSION = YES;
				CLANG_WARN_UNREACHABLE_CODE = YES;
				GCC_PRECOMPILE_PREFIX_HEADER = YES;
				GCC_PREFIX_HEADER = "Sample Project/Sample Project-Prefix.pch";
				GCC_TREAT_IMPLICIT_FUNCTION_DECLARATIONS_AS_ERRORS = YES;
				GCC_TREAT_INCOMPATIBLE_POINTER_TYPE_WARNINGS_AS_ERRORS = YES;
				GCC_WARN_ABOUT_MISSING_FIELD_INITIALIZERS = YES;
				GCC_WARN_ABOUT_MISSING_NEWLINE = YES;
				GCC_WARN_ABOUT_MISSING_PROTOTYPES = YES;
				GCC_WARN_FOUR_CHARACTER_CONSTANTS = YES;
				GCC_WARN_INITIALIZER_NOT_FULLY_BRACKETED = YES;
				GCC_WARN_SHADOW = YES;
				GCC_WARN_SIGN_COMPARE = YES;
				GCC_WARN_UNKNOWN_PRAGMAS = YES;
				GCC_WARN_UNUSED_LABEL = YES;
				GCC_WARN_UNUSED_PARAMETER = NO;
				INFOPLIST_FILE = "Sample Project/Sample Project-Info.plist";
				IPHONEOS_DEPLOYMENT_TARGET = 6.0;
				LD_RUNPATH_SEARCH_PATHS = "$(inherited) @executable_path/Frameworks";
				PRODUCT_BUNDLE_IDENTIFIER = co.appbot.sampleproject;
				PRODUCT_NAME = "$(TARGET_NAME)";
				WRAPPER_EXTENSION = app;
			};
			name = Debug;
		};
		E039FD76192C290E00BA0B76 /* Release */ = {
			isa = XCBuildConfiguration;
			buildSettings = {
				ASSETCATALOG_COMPILER_APPICON_NAME = AppIcon;
				ASSETCATALOG_COMPILER_LAUNCHIMAGE_NAME = LaunchImage;
				CLANG_WARN_ASSIGN_ENUM = YES;
				CLANG_WARN_DOCUMENTATION_COMMENTS = YES;
				CLANG_WARN_IMPLICIT_SIGN_CONVERSION = YES;
				CLANG_WARN_SUSPICIOUS_IMPLICIT_CONVERSION = YES;
				CLANG_WARN_UNREACHABLE_CODE = YES;
				GCC_PRECOMPILE_PREFIX_HEADER = YES;
				GCC_PREFIX_HEADER = "Sample Project/Sample Project-Prefix.pch";
				GCC_TREAT_IMPLICIT_FUNCTION_DECLARATIONS_AS_ERRORS = YES;
				GCC_TREAT_INCOMPATIBLE_POINTER_TYPE_WARNINGS_AS_ERRORS = YES;
				GCC_WARN_ABOUT_MISSING_FIELD_INITIALIZERS = YES;
				GCC_WARN_ABOUT_MISSING_NEWLINE = YES;
				GCC_WARN_ABOUT_MISSING_PROTOTYPES = YES;
				GCC_WARN_FOUR_CHARACTER_CONSTANTS = YES;
				GCC_WARN_INITIALIZER_NOT_FULLY_BRACKETED = YES;
				GCC_WARN_SHADOW = YES;
				GCC_WARN_SIGN_COMPARE = YES;
				GCC_WARN_UNKNOWN_PRAGMAS = YES;
				GCC_WARN_UNUSED_LABEL = YES;
				GCC_WARN_UNUSED_PARAMETER = NO;
				INFOPLIST_FILE = "Sample Project/Sample Project-Info.plist";
				IPHONEOS_DEPLOYMENT_TARGET = 6.0;
				LD_RUNPATH_SEARCH_PATHS = "$(inherited) @executable_path/Frameworks";
				PRODUCT_BUNDLE_IDENTIFIER = co.appbot.sampleproject;
				PRODUCT_NAME = "$(TARGET_NAME)";
				WRAPPER_EXTENSION = app;
			};
			name = Release;
		};
/* End XCBuildConfiguration section */

/* Begin XCConfigurationList section */
		A3C2CE241D310E5900882653 /* Build configuration list for PBXNativeTarget "AppbotX" */ = {
			isa = XCConfigurationList;
			buildConfigurations = (
				A3C2CE221D310E5900882653 /* Debug */,
				A3C2CE231D310E5900882653 /* Release */,
			);
			defaultConfigurationIsVisible = 0;
		};
		E039FD43192C290E00BA0B76 /* Build configuration list for PBXProject "Sample Project" */ = {
			isa = XCConfigurationList;
			buildConfigurations = (
				E039FD72192C290E00BA0B76 /* Debug */,
				E039FD73192C290E00BA0B76 /* Release */,
			);
			defaultConfigurationIsVisible = 0;
			defaultConfigurationName = Release;
		};
		E039FD74192C290E00BA0B76 /* Build configuration list for PBXNativeTarget "Sample Project" */ = {
			isa = XCConfigurationList;
			buildConfigurations = (
				E039FD75192C290E00BA0B76 /* Debug */,
				E039FD76192C290E00BA0B76 /* Release */,
			);
			defaultConfigurationIsVisible = 0;
			defaultConfigurationName = Release;
		};
/* End XCConfigurationList section */
	};
	rootObject = E039FD40192C290E00BA0B76 /* Project object */;
}
